
Microsoft Visual Studio Solution File, Format Version 12.00
# Visual Studio 15
VisualStudioVersion = 15.0.28010.0
MinimumVisualStudioVersion = 10.0.40219.1
Project("{FAE04EC0-301F-11D3-BF4B-00C04F79EFBC}") = "ReverseOnlyLetters", "ReverseOnlyLetters\ReverseOnlyLetters.csproj", "{0C0AC270-9D17-4410-9747-10E5F029E29C}"
EndProject
Project("{FAE04EC0-301F-11D3-BF4B-00C04F79EFBC}") = "JewelsAndStones", "JewelsAndStones\JewelsAndStones.csproj", "{25240386-6BBA-4BB9-99A8-8BE8AAFAE9FA}"
EndProject
Project("{FAE04EC0-301F-11D3-BF4B-00C04F79EFBC}") = "TwoSum_SortedArray", "TwoSum_SortedArray\TwoSum_SortedArray.csproj", "{BEA8E3EE-194A-4A27-BE7C-7497A2F16F76}"
EndProject
Project("{FAE04EC0-301F-11D3-BF4B-00C04F79EFBC}") = "container-with-most-water", "container-with-most-water\container-with-most-water.csproj", "{7D6E46DF-EDA8-44D0-85F9-2B029A21BC4E}"
EndProject
Global
	GlobalSection(SolutionConfigurationPlatforms) = preSolution
		Debug|Any CPU = Debug|Any CPU
		Release|Any CPU = Release|Any CPU
	EndGlobalSection
	GlobalSection(ProjectConfigurationPlatforms) = postSolution
		{0C0AC270-9D17-4410-9747-10E5F029E29C}.Debug|Any CPU.ActiveCfg = Debug|Any CPU
		{0C0AC270-9D17-4410-9747-10E5F029E29C}.Debug|Any CPU.Build.0 = Debug|Any CPU
		{0C0AC270-9D17-4410-9747-10E5F029E29C}.Release|Any CPU.ActiveCfg = Release|Any CPU
		{0C0AC270-9D17-4410-9747-10E5F029E29C}.Release|Any CPU.Build.0 = Release|Any CPU
		{25240386-6BBA-4BB9-99A8-8BE8AAFAE9FA}.Debug|Any CPU.ActiveCfg = Debug|Any CPU
		{25240386-6BBA-4BB9-99A8-8BE8AAFAE9FA}.Debug|Any CPU.Build.0 = Debug|Any CPU
		{25240386-6BBA-4BB9-99A8-8BE8AAFAE9FA}.Release|Any CPU.ActiveCfg = Release|Any CPU
		{25240386-6BBA-4BB9-99A8-8BE8AAFAE9FA}.Release|Any CPU.Build.0 = Release|Any CPU
		{BEA8E3EE-194A-4A27-BE7C-7497A2F16F76}.Debug|Any CPU.ActiveCfg = Debug|Any CPU
		{BEA8E3EE-194A-4A27-BE7C-7497A2F16F76}.Debug|Any CPU.Build.0 = Debug|Any CPU
		{BEA8E3EE-194A-4A27-BE7C-7497A2F16F76}.Release|Any CPU.ActiveCfg = Release|Any CPU
		{BEA8E3EE-194A-4A27-BE7C-7497A2F16F76}.Release|Any CPU.Build.0 = Release|Any CPU
		{7D6E46DF-EDA8-44D0-85F9-2B029A21BC4E}.Debug|Any CPU.ActiveCfg = Debug|Any CPU
		{7D6E46DF-EDA8-44D0-85F9-2B029A21BC4E}.Debug|Any CPU.Build.0 = Debug|Any CPU
		{7D6E46DF-EDA8-44D0-85F9-2B029A21BC4E}.Release|Any CPU.ActiveCfg = Release|Any CPU
		{7D6E46DF-EDA8-44D0-85F9-2B029A21BC4E}.Release|Any CPU.Build.0 = Release|Any CPU
	EndGlobalSection
	GlobalSection(SolutionProperties) = preSolution
		HideSolutionNode = FALSE
	EndGlobalSection
	GlobalSection(ExtensibilityGlobals) = postSolution
		SolutionGuid = {AE5F32E2-CD31-474E-83E6-83523D2F6B02}
	EndGlobalSection
EndGlobal
