
Microsoft Visual Studio Solution File, Format Version 12.00
# Visual Studio 15
VisualStudioVersion = 15.0.28010.0
MinimumVisualStudioVersion = 10.0.40219.1
Project("{FAE04EC0-301F-11D3-BF4B-00C04F79EFBC}") = "ReverseOnlyLetters", "ReverseOnlyLetters\ReverseOnlyLetters.csproj", "{0C0AC270-9D17-4410-9747-10E5F029E29C}"
EndProject
Project("{FAE04EC0-301F-11D3-BF4B-00C04F79EFBC}") = "JewelsAndStones", "JewelsAndStones\JewelsAndStones.csproj", "{25240386-6BBA-4BB9-99A8-8BE8AAFAE9FA}"
EndProject
Project("{FAE04EC0-301F-11D3-BF4B-00C04F79EFBC}") = "TwoSum_SortedArray", "TwoSum_SortedArray\TwoSum_SortedArray.csproj", "{BEA8E3EE-194A-4A27-BE7C-7497A2F16F76}"
EndProject
Project("{FAE04EC0-301F-11D3-BF4B-00C04F79EFBC}") = "container-with-most-water", "container-with-most-water\container-with-most-water.csproj", "{7D6E46DF-EDA8-44D0-85F9-2B029A21BC4E}"
EndProject
Project("{FAE04EC0-301F-11D3-BF4B-00C04F79EFBC}") = "StringToIntegerConvertion", "StringToIntegerConvertion\StringToIntegerConvertion.csproj", "{AB9D1052-0CC6-43CB-906F-E4968EF3C344}"
EndProject
Project("{FAE04EC0-301F-11D3-BF4B-00C04F79EFBC}") = "Intersection-of-Two-Linked-Lists", "Intersection-of-Two-Linked-Lists\Intersection-of-Two-Linked-Lists.csproj", "{177FE925-7572-49FF-91CE-0B327DEBDE91}"
EndProject
Project("{FAE04EC0-301F-11D3-BF4B-00C04F79EFBC}") = "Add-Two-Numbers", "Add-Two-Numbers\Add-Two-Numbers.csproj", "{CEFBAACF-8EA0-4A83-9791-2401E66F5380}"
EndProject
Project("{FAE04EC0-301F-11D3-BF4B-00C04F79EFBC}") = "Merge-Two-Sorted-Lists", "Merge-Two-Sorted-Lists\Merge-Two-Sorted-Lists.csproj", "{6BEE5EB8-79FE-461D-9D05-6B090F73210E}"
EndProject
Project("{FAE04EC0-301F-11D3-BF4B-00C04F79EFBC}") = "DeleteLinkedList", "DeleteLinkedList\DeleteLinkedList.csproj", "{BFA04486-EB5D-4BAE-B35B-A7E004996393}"
EndProject
Project("{2150E333-8FDC-42A3-9474-1A3956D46DE8}") = "LinkedLists", "LinkedLists", "{9C5C576D-47C7-4F9B-8208-D21E23D8B28C}"
EndProject
Project("{2150E333-8FDC-42A3-9474-1A3956D46DE8}") = "Trees", "Trees", "{1FBC9E6F-879A-415B-8ADC-6924E541F971}"
EndProject
Project("{2150E333-8FDC-42A3-9474-1A3956D46DE8}") = "Graphs", "Graphs", "{14DC40ED-28FB-4FE6-8BCD-7851419588D5}"
EndProject
Project("{2150E333-8FDC-42A3-9474-1A3956D46DE8}") = "Arrays_Strings", "Arrays_Strings", "{CE10958D-41D7-41C3-A80D-572680AA1C50}"
EndProject
Project("{FAE04EC0-301F-11D3-BF4B-00C04F79EFBC}") = "DeleteBST", "DeleteBST\DeleteBST.csproj", "{CD691843-DC5A-42F3-87BA-75228B33A11E}"
EndProject
Project("{FAE04EC0-301F-11D3-BF4B-00C04F79EFBC}") = "Swap-Nodes-in-Pairs", "Swap-Nodes-in-Pairs\Swap-Nodes-in-Pairs.csproj", "{3E51E21B-3A7E-4560-B6BB-3167E2399B55}"
EndProject
Project("{FAE04EC0-301F-11D3-BF4B-00C04F79EFBC}") = "RotateListKTimes", "RotateListKTimes\RotateListKTimes.csproj", "{A92BF5C9-503F-4DBF-8B16-54AC6951A5BF}"
EndProject
Global
	GlobalSection(SolutionConfigurationPlatforms) = preSolution
		Debug|Any CPU = Debug|Any CPU
		Release|Any CPU = Release|Any CPU
	EndGlobalSection
	GlobalSection(ProjectConfigurationPlatforms) = postSolution
		{0C0AC270-9D17-4410-9747-10E5F029E29C}.Debug|Any CPU.ActiveCfg = Debug|Any CPU
		{0C0AC270-9D17-4410-9747-10E5F029E29C}.Debug|Any CPU.Build.0 = Debug|Any CPU
		{0C0AC270-9D17-4410-9747-10E5F029E29C}.Release|Any CPU.ActiveCfg = Release|Any CPU
		{0C0AC270-9D17-4410-9747-10E5F029E29C}.Release|Any CPU.Build.0 = Release|Any CPU
		{25240386-6BBA-4BB9-99A8-8BE8AAFAE9FA}.Debug|Any CPU.ActiveCfg = Debug|Any CPU
		{25240386-6BBA-4BB9-99A8-8BE8AAFAE9FA}.Debug|Any CPU.Build.0 = Debug|Any CPU
		{25240386-6BBA-4BB9-99A8-8BE8AAFAE9FA}.Release|Any CPU.ActiveCfg = Release|Any CPU
		{25240386-6BBA-4BB9-99A8-8BE8AAFAE9FA}.Release|Any CPU.Build.0 = Release|Any CPU
		{BEA8E3EE-194A-4A27-BE7C-7497A2F16F76}.Debug|Any CPU.ActiveCfg = Debug|Any CPU
		{BEA8E3EE-194A-4A27-BE7C-7497A2F16F76}.Debug|Any CPU.Build.0 = Debug|Any CPU
		{BEA8E3EE-194A-4A27-BE7C-7497A2F16F76}.Release|Any CPU.ActiveCfg = Release|Any CPU
		{BEA8E3EE-194A-4A27-BE7C-7497A2F16F76}.Release|Any CPU.Build.0 = Release|Any CPU
		{7D6E46DF-EDA8-44D0-85F9-2B029A21BC4E}.Debug|Any CPU.ActiveCfg = Debug|Any CPU
		{7D6E46DF-EDA8-44D0-85F9-2B029A21BC4E}.Debug|Any CPU.Build.0 = Debug|Any CPU
		{7D6E46DF-EDA8-44D0-85F9-2B029A21BC4E}.Release|Any CPU.ActiveCfg = Release|Any CPU
		{7D6E46DF-EDA8-44D0-85F9-2B029A21BC4E}.Release|Any CPU.Build.0 = Release|Any CPU
		{AB9D1052-0CC6-43CB-906F-E4968EF3C344}.Debug|Any CPU.ActiveCfg = Debug|Any CPU
		{AB9D1052-0CC6-43CB-906F-E4968EF3C344}.Debug|Any CPU.Build.0 = Debug|Any CPU
		{AB9D1052-0CC6-43CB-906F-E4968EF3C344}.Release|Any CPU.ActiveCfg = Release|Any CPU
		{AB9D1052-0CC6-43CB-906F-E4968EF3C344}.Release|Any CPU.Build.0 = Release|Any CPU
		{177FE925-7572-49FF-91CE-0B327DEBDE91}.Debug|Any CPU.ActiveCfg = Debug|Any CPU
		{177FE925-7572-49FF-91CE-0B327DEBDE91}.Debug|Any CPU.Build.0 = Debug|Any CPU
		{177FE925-7572-49FF-91CE-0B327DEBDE91}.Release|Any CPU.ActiveCfg = Release|Any CPU
		{177FE925-7572-49FF-91CE-0B327DEBDE91}.Release|Any CPU.Build.0 = Release|Any CPU
		{CEFBAACF-8EA0-4A83-9791-2401E66F5380}.Debug|Any CPU.ActiveCfg = Debug|Any CPU
		{CEFBAACF-8EA0-4A83-9791-2401E66F5380}.Debug|Any CPU.Build.0 = Debug|Any CPU
		{CEFBAACF-8EA0-4A83-9791-2401E66F5380}.Release|Any CPU.ActiveCfg = Release|Any CPU
		{CEFBAACF-8EA0-4A83-9791-2401E66F5380}.Release|Any CPU.Build.0 = Release|Any CPU
		{6BEE5EB8-79FE-461D-9D05-6B090F73210E}.Debug|Any CPU.ActiveCfg = Debug|Any CPU
		{6BEE5EB8-79FE-461D-9D05-6B090F73210E}.Debug|Any CPU.Build.0 = Debug|Any CPU
		{6BEE5EB8-79FE-461D-9D05-6B090F73210E}.Release|Any CPU.ActiveCfg = Release|Any CPU
		{6BEE5EB8-79FE-461D-9D05-6B090F73210E}.Release|Any CPU.Build.0 = Release|Any CPU
		{BFA04486-EB5D-4BAE-B35B-A7E004996393}.Debug|Any CPU.ActiveCfg = Debug|Any CPU
		{BFA04486-EB5D-4BAE-B35B-A7E004996393}.Debug|Any CPU.Build.0 = Debug|Any CPU
		{BFA04486-EB5D-4BAE-B35B-A7E004996393}.Release|Any CPU.ActiveCfg = Release|Any CPU
		{BFA04486-EB5D-4BAE-B35B-A7E004996393}.Release|Any CPU.Build.0 = Release|Any CPU
		{CD691843-DC5A-42F3-87BA-75228B33A11E}.Debug|Any CPU.ActiveCfg = Debug|Any CPU
		{CD691843-DC5A-42F3-87BA-75228B33A11E}.Debug|Any CPU.Build.0 = Debug|Any CPU
		{CD691843-DC5A-42F3-87BA-75228B33A11E}.Release|Any CPU.ActiveCfg = Release|Any CPU
		{CD691843-DC5A-42F3-87BA-75228B33A11E}.Release|Any CPU.Build.0 = Release|Any CPU
		{3E51E21B-3A7E-4560-B6BB-3167E2399B55}.Debug|Any CPU.ActiveCfg = Debug|Any CPU
		{3E51E21B-3A7E-4560-B6BB-3167E2399B55}.Debug|Any CPU.Build.0 = Debug|Any CPU
		{3E51E21B-3A7E-4560-B6BB-3167E2399B55}.Release|Any CPU.ActiveCfg = Release|Any CPU
		{3E51E21B-3A7E-4560-B6BB-3167E2399B55}.Release|Any CPU.Build.0 = Release|Any CPU
		{A92BF5C9-503F-4DBF-8B16-54AC6951A5BF}.Debug|Any CPU.ActiveCfg = Debug|Any CPU
		{A92BF5C9-503F-4DBF-8B16-54AC6951A5BF}.Debug|Any CPU.Build.0 = Debug|Any CPU
		{A92BF5C9-503F-4DBF-8B16-54AC6951A5BF}.Release|Any CPU.ActiveCfg = Release|Any CPU
		{A92BF5C9-503F-4DBF-8B16-54AC6951A5BF}.Release|Any CPU.Build.0 = Release|Any CPU
	EndGlobalSection
	GlobalSection(SolutionProperties) = preSolution
		HideSolutionNode = FALSE
	EndGlobalSection
	GlobalSection(NestedProjects) = preSolution
		{0C0AC270-9D17-4410-9747-10E5F029E29C} = {9C5C576D-47C7-4F9B-8208-D21E23D8B28C}
		{25240386-6BBA-4BB9-99A8-8BE8AAFAE9FA} = {CE10958D-41D7-41C3-A80D-572680AA1C50}
		{BEA8E3EE-194A-4A27-BE7C-7497A2F16F76} = {9C5C576D-47C7-4F9B-8208-D21E23D8B28C}
		{7D6E46DF-EDA8-44D0-85F9-2B029A21BC4E} = {CE10958D-41D7-41C3-A80D-572680AA1C50}
		{AB9D1052-0CC6-43CB-906F-E4968EF3C344} = {9C5C576D-47C7-4F9B-8208-D21E23D8B28C}
		{177FE925-7572-49FF-91CE-0B327DEBDE91} = {9C5C576D-47C7-4F9B-8208-D21E23D8B28C}
		{CEFBAACF-8EA0-4A83-9791-2401E66F5380} = {9C5C576D-47C7-4F9B-8208-D21E23D8B28C}
		{6BEE5EB8-79FE-461D-9D05-6B090F73210E} = {9C5C576D-47C7-4F9B-8208-D21E23D8B28C}
		{BFA04486-EB5D-4BAE-B35B-A7E004996393} = {9C5C576D-47C7-4F9B-8208-D21E23D8B28C}
		{CD691843-DC5A-42F3-87BA-75228B33A11E} = {1FBC9E6F-879A-415B-8ADC-6924E541F971}
		{3E51E21B-3A7E-4560-B6BB-3167E2399B55} = {9C5C576D-47C7-4F9B-8208-D21E23D8B28C}
		{A92BF5C9-503F-4DBF-8B16-54AC6951A5BF} = {9C5C576D-47C7-4F9B-8208-D21E23D8B28C}
	EndGlobalSection
	GlobalSection(ExtensibilityGlobals) = postSolution
		SolutionGuid = {AE5F32E2-CD31-474E-83E6-83523D2F6B02}
	EndGlobalSection
EndGlobal
